
Microsoft Visual Studio Solution File, Format Version 12.00
# Visual Studio Version 17
VisualStudioVersion = 17.4.33213.308
MinimumVisualStudioVersion = 10.0.40219.1
Project("{FAE04EC0-301F-11D3-BF4B-00C04F79EFBC}") = "distanciadosxd", "distanciadosxd\distanciadosxd.csproj", "{C6DA2B43-5C7C-4747-A0C7-3000A4AEB01A}"
EndProject
Global
	GlobalSection(SolutionConfigurationPlatforms) = preSolution
		Debug|Any CPU = Debug|Any CPU
		Release|Any CPU = Release|Any CPU
	EndGlobalSection
	GlobalSection(ProjectConfigurationPlatforms) = postSolution
		{C6DA2B43-5C7C-4747-A0C7-3000A4AEB01A}.Debug|Any CPU.ActiveCfg = Debug|Any CPU
		{C6DA2B43-5C7C-4747-A0C7-3000A4AEB01A}.Debug|Any CPU.Build.0 = Debug|Any CPU
		{C6DA2B43-5C7C-4747-A0C7-3000A4AEB01A}.Release|Any CPU.ActiveCfg = Release|Any CPU
		{C6DA2B43-5C7C-4747-A0C7-3000A4AEB01A}.Release|Any CPU.Build.0 = Release|Any CPU
	EndGlobalSection
	GlobalSection(SolutionProperties) = preSolution
		HideSolutionNode = FALSE
	EndGlobalSection
	GlobalSection(ExtensibilityGlobals) = postSolution
		SolutionGuid = {72277963-ACEE-4497-AA97-58BDB39E5726}
	EndGlobalSection
EndGlobal
